
Microsoft Visual Studio Solution File, Format Version 12.00
# Visual Studio Version 16
VisualStudioVersion = 16.0.31321.278
MinimumVisualStudioVersion = 10.0.40219.1
Project("{FAE04EC0-301F-11D3-BF4B-00C04F79EFBC}") = "PROG8170Assignment2", "PROG8170Assignment2.csproj", "{8541312D-BBF2-4048-9475-A5CA8471AE21}"
EndProject
Project("{FAE04EC0-301F-11D3-BF4B-00C04F79EFBC}") = "PROG8170Assignment2.Tests", "..\PROG8170Assignment2.Tests\PROG8170Assignment2.Tests.csproj", "{FF7968CE-9CDA-45DD-B64C-811410B204A3}"
EndProject
Global
	GlobalSection(SolutionConfigurationPlatforms) = preSolution
		Debug|Any CPU = Debug|Any CPU
		Release|Any CPU = Release|Any CPU
	EndGlobalSection
	GlobalSection(ProjectConfigurationPlatforms) = postSolution
		{8541312D-BBF2-4048-9475-A5CA8471AE21}.Debug|Any CPU.ActiveCfg = Debug|Any CPU
		{8541312D-BBF2-4048-9475-A5CA8471AE21}.Debug|Any CPU.Build.0 = Debug|Any CPU
		{8541312D-BBF2-4048-9475-A5CA8471AE21}.Release|Any CPU.ActiveCfg = Release|Any CPU
		{8541312D-BBF2-4048-9475-A5CA8471AE21}.Release|Any CPU.Build.0 = Release|Any CPU
		{FF7968CE-9CDA-45DD-B64C-811410B204A3}.Debug|Any CPU.ActiveCfg = Debug|Any CPU
		{FF7968CE-9CDA-45DD-B64C-811410B204A3}.Debug|Any CPU.Build.0 = Debug|Any CPU
		{FF7968CE-9CDA-45DD-B64C-811410B204A3}.Release|Any CPU.ActiveCfg = Release|Any CPU
		{FF7968CE-9CDA-45DD-B64C-811410B204A3}.Release|Any CPU.Build.0 = Release|Any CPU
	EndGlobalSection
	GlobalSection(SolutionProperties) = preSolution
		HideSolutionNode = FALSE
	EndGlobalSection
	GlobalSection(ExtensibilityGlobals) = postSolution
		SolutionGuid = {B4235070-6EDC-45C9-B1F5-86EB0B3409BB}
	EndGlobalSection
EndGlobal
